
Microsoft Visual Studio Solution File, Format Version 12.00
# Visual Studio 15
VisualStudioVersion = 15.0.27703.2035
MinimumVisualStudioVersion = 10.0.40219.1
Project("{FAE04EC0-301F-11D3-BF4B-00C04F79EFBC}") = "MistrzowieWynajmu", "MistrzowieWynajmu\MistrzowieWynajmu.csproj", "{995FF1FF-7B1A-4154-A237-95E7ECC07367}"
EndProject
Global
	GlobalSection(SolutionConfigurationPlatforms) = preSolution
		Debug|Any CPU = Debug|Any CPU
		Release|Any CPU = Release|Any CPU
	EndGlobalSection
	GlobalSection(ProjectConfigurationPlatforms) = postSolution
		{995FF1FF-7B1A-4154-A237-95E7ECC07367}.Debug|Any CPU.ActiveCfg = Debug|Any CPU
		{995FF1FF-7B1A-4154-A237-95E7ECC07367}.Debug|Any CPU.Build.0 = Debug|Any CPU
		{995FF1FF-7B1A-4154-A237-95E7ECC07367}.Release|Any CPU.ActiveCfg = Release|Any CPU
		{995FF1FF-7B1A-4154-A237-95E7ECC07367}.Release|Any CPU.Build.0 = Release|Any CPU
	EndGlobalSection
	GlobalSection(SolutionProperties) = preSolution
		HideSolutionNode = FALSE
	EndGlobalSection
	GlobalSection(ExtensibilityGlobals) = postSolution
		SolutionGuid = {028EBEBD-9572-430F-867E-F9D557EFE0B7}
	EndGlobalSection
EndGlobal
